
Microsoft Visual Studio Solution File, Format Version 12.00
# Visual Studio Version 17
VisualStudioVersion = 17.3.32929.385
MinimumVisualStudioVersion = 10.0.40219.1
Project("{FAE04EC0-301F-11D3-BF4B-00C04F79EFBC}") = "DaryaKlinavaSaysHello", "DaryaKlinavaSaysHello\DaryaKlinavaSaysHello.csproj", "{FF1EF6D8-2BFC-4064-AF83-8F330BA1C7FC}"
EndProject
Global
	GlobalSection(SolutionConfigurationPlatforms) = preSolution
		Debug|Any CPU = Debug|Any CPU
		Release|Any CPU = Release|Any CPU
	EndGlobalSection
	GlobalSection(ProjectConfigurationPlatforms) = postSolution
		{FF1EF6D8-2BFC-4064-AF83-8F330BA1C7FC}.Debug|Any CPU.ActiveCfg = Debug|Any CPU
		{FF1EF6D8-2BFC-4064-AF83-8F330BA1C7FC}.Debug|Any CPU.Build.0 = Debug|Any CPU
		{FF1EF6D8-2BFC-4064-AF83-8F330BA1C7FC}.Release|Any CPU.ActiveCfg = Release|Any CPU
		{FF1EF6D8-2BFC-4064-AF83-8F330BA1C7FC}.Release|Any CPU.Build.0 = Release|Any CPU
	EndGlobalSection
	GlobalSection(SolutionProperties) = preSolution
		HideSolutionNode = FALSE
	EndGlobalSection
	GlobalSection(ExtensibilityGlobals) = postSolution
		SolutionGuid = {B5056631-0DA3-49E1-B069-D968F6220C4A}
	EndGlobalSection
EndGlobal
